version = 1
revision = 3
requires-python = ">=3.12"

[[package]]
name = "colorama"
version = "0.4.6"
source = { registry = "https://nexus.insee.fr/repository/pypi-proxy/simple" }
sdist = { url = "https://nexus.insee.fr/repository/pypi-proxy/packages/colorama/0.4.6/colorama-0.4.6.tar.gz", hash = "sha256:08695f5cb7ed6e0531a20572697297273c47b8cae5a63ffc6d6ed5c201be6e44" }
wheels = [
    { url = "https://nexus.insee.fr/repository/pypi-proxy/packages/colorama/0.4.6/colorama-0.4.6-py2.py3-none-any.whl", hash = "sha256:4f1d9991f5acc0ca119f9d443620b77f9d6b33703e51011c16baf57afb285fc6" },
]

[[package]]
name = "cwhpp"
version = "0.2.2.dev0"
source = { editable = "." }
dependencies = [
    { name = "lightgbm" },
    { name = "polars" },
    { name = "scikit-learn" },
]

[package.dev-dependencies]
dev = [
    { name = "pytest" },
]

[package.metadata]
requires-dist = [
    { name = "lightgbm", specifier = ">=4.6.0" },
    { name = "polars", specifier = ">=1.33.1" },
    { name = "scikit-learn", specifier = "==1.7.2" },
]

[package.metadata.requires-dev]
dev = [{ name = "pytest", specifier = ">=8.4.2" }]

[[package]]
name = "iniconfig"
version = "2.1.0"
source = { registry = "https://nexus.insee.fr/repository/pypi-proxy/simple" }
sdist = { url = "https://nexus.insee.fr/repository/pypi-proxy/packages/iniconfig/2.1.0/iniconfig-2.1.0.tar.gz", hash = "sha256:3abbd2e30b36733fee78f9c7f7308f2d0050e88f0087fd25c2645f63c773e1c7" }
wheels = [
    { url = "https://nexus.insee.fr/repository/pypi-proxy/packages/iniconfig/2.1.0/iniconfig-2.1.0-py3-none-any.whl", hash = "sha256:9deba5723312380e77435581c6bf4935c94cbfab9b1ed33ef8d238ea168eb760" },
]

[[package]]
name = "joblib"
version = "1.5.2"
source = { registry = "https://nexus.insee.fr/repository/pypi-proxy/simple" }
sdist = { url = "https://nexus.insee.fr/repository/pypi-proxy/packages/joblib/1.5.2/joblib-1.5.2.tar.gz", hash = "sha256:3faa5c39054b2f03ca547da9b2f52fde67c06240c31853f306aea97f13647b55" }
wheels = [
    { url = "https://nexus.insee.fr/repository/pypi-proxy/packages/joblib/1.5.2/joblib-1.5.2-py3-none-any.whl", hash = "sha256:4e1f0bdbb987e6d843c70cf43714cb276623def372df3c22fe5266b2670bc241" },
]

[[package]]
name = "lightgbm"
version = "4.6.0"
source = { registry = "https://nexus.insee.fr/repository/pypi-proxy/simple" }
dependencies = [
    { name = "numpy" },
    { name = "scipy" },
]
sdist = { url = "https://nexus.insee.fr/repository/pypi-proxy/packages/lightgbm/4.6.0/lightgbm-4.6.0.tar.gz", hash = "sha256:cb1c59720eb569389c0ba74d14f52351b573af489f230032a1c9f314f8bab7fe" }
wheels = [
    { url = "https://nexus.insee.fr/repository/pypi-proxy/packages/lightgbm/4.6.0/lightgbm-4.6.0-py3-none-macosx_10_15_x86_64.whl", hash = "sha256:b7a393de8a334d5c8e490df91270f0763f83f959574d504c7ccb9eee4aef70ed" },
    { url = "https://nexus.insee.fr/repository/pypi-proxy/packages/lightgbm/4.6.0/lightgbm-4.6.0-py3-none-macosx_12_0_arm64.whl", hash = "sha256:2dafd98d4e02b844ceb0b61450a660681076b1ea6c7adb8c566dfd66832aafad" },
    { url = "https://nexus.insee.fr/repository/pypi-proxy/packages/lightgbm/4.6.0/lightgbm-4.6.0-py3-none-manylinux2014_aarch64.whl", hash = "sha256:4d68712bbd2b57a0b14390cbf9376c1d5ed773fa2e71e099cac588703b590336" },
    { url = "https://nexus.insee.fr/repository/pypi-proxy/packages/lightgbm/4.6.0/lightgbm-4.6.0-py3-none-manylinux_2_28_x86_64.whl", hash = "sha256:cb19b5afea55b5b61cbb2131095f50538bd608a00655f23ad5d25ae3e3bf1c8d" },
    { url = "https://nexus.insee.fr/repository/pypi-proxy/packages/lightgbm/4.6.0/lightgbm-4.6.0-py3-none-win_amd64.whl", hash = "sha256:37089ee95664b6550a7189d887dbf098e3eadab03537e411f52c63c121e3ba4b" },
]

[[package]]
name = "numpy"
version = "2.3.3"
source = { registry = "https://nexus.insee.fr/repository/pypi-proxy/simple" }
sdist = { url = "https://nexus.insee.fr/repository/pypi-proxy/packages/numpy/2.3.3/numpy-2.3.3.tar.gz", hash = "sha256:ddc7c39727ba62b80dfdbedf400d1c10ddfa8eefbd7ec8dcb118be8b56d31029" }
wheels = [
    { url = "https://nexus.insee.fr/repository/pypi-proxy/packages/numpy/2.3.3/numpy-2.3.3-cp312-cp312-macosx_10_13_x86_64.whl", hash = "sha256:cfdd09f9c84a1a934cde1eec2267f0a43a7cd44b2cca4ff95b7c0d14d144b0bf" },
    { url = "https://nexus.insee.fr/repository/pypi-proxy/packages/numpy/2.3.3/numpy-2.3.3-cp312-cp312-macosx_11_0_arm64.whl", hash = "sha256:cb32e3cf0f762aee47ad1ddc6672988f7f27045b0783c887190545baba73aa25" },
    { url = "https://nexus.insee.fr/repository/pypi-proxy/packages/numpy/2.3.3/numpy-2.3.3-cp312-cp312-macosx_14_0_arm64.whl", hash = "sha256:396b254daeb0a57b1fe0ecb5e3cff6fa79a380fa97c8f7781a6d08cd429418fe" },
    { url = "https://nexus.insee.fr/repository/pypi-proxy/packages/numpy/2.3.3/numpy-2.3.3-cp312-cp312-macosx_14_0_x86_64.whl", hash = "sha256:067e3d7159a5d8f8a0b46ee11148fc35ca9b21f61e3c49fbd0a027450e65a33b" },
    { url = "https://nexus.insee.fr/repository/pypi-proxy/packages/numpy/2.3.3/numpy-2.3.3-cp312-cp312-manylinux_2_27_aarch64.manylinux_2_28_aarch64.whl", hash = "sha256:1c02d0629d25d426585fb2e45a66154081b9fa677bc92a881ff1d216bc9919a8" },
    { url = "https://nexus.insee.fr/repository/pypi-proxy/packages/numpy/2.3.3/numpy-2.3.3-cp312-cp312-manylinux_2_27_x86_64.manylinux_2_28_x86_64.whl", hash = "sha256:d9192da52b9745f7f0766531dcfa978b7763916f158bb63bdb8a1eca0068ab20" },
    { url = "https://nexus.insee.fr/repository/pypi-proxy/packages/numpy/2.3.3/numpy-2.3.3-cp312-cp312-musllinux_1_2_aarch64.whl", hash = "sha256:cd7de500a5b66319db419dc3c345244404a164beae0d0937283b907d8152e6ea" },
    { url = "https://nexus.insee.fr/repository/pypi-proxy/packages/numpy/2.3.3/numpy-2.3.3-cp312-cp312-musllinux_1_2_x86_64.whl", hash = "sha256:93d4962d8f82af58f0b2eb85daaf1b3ca23fe0a85d0be8f1f2b7bb46034e56d7" },
    { url = "https://nexus.insee.fr/repository/pypi-proxy/packages/numpy/2.3.3/numpy-2.3.3-cp312-cp312-win32.whl", hash = "sha256:5534ed6b92f9b7dca6c0a19d6df12d41c68b991cef051d108f6dbff3babc4ebf" },
    { url = "https://nexus.insee.fr/repository/pypi-proxy/packages/numpy/2.3.3/numpy-2.3.3-cp312-cp312-win_amd64.whl", hash = "sha256:497d7cad08e7092dba36e3d296fe4c97708c93daf26643a1ae4b03f6294d30eb" },
    { url = "https://nexus.insee.fr/repository/pypi-proxy/packages/numpy/2.3.3/numpy-2.3.3-cp312-cp312-win_arm64.whl", hash = "sha256:ca0309a18d4dfea6fc6262a66d06c26cfe4640c3926ceec90e57791a82b6eee5" },
    { url = "https://nexus.insee.fr/repository/pypi-proxy/packages/numpy/2.3.3/numpy-2.3.3-cp313-cp313-macosx_10_13_x86_64.whl", hash = "sha256:f5415fb78995644253370985342cd03572ef8620b934da27d77377a2285955bf" },
    { url = "https://nexus.insee.fr/repository/pypi-proxy/packages/numpy/2.3.3/numpy-2.3.3-cp313-cp313-macosx_11_0_arm64.whl", hash = "sha256:d00de139a3324e26ed5b95870ce63be7ec7352171bc69a4cf1f157a48e3eb6b7" },
    { url = "https://nexus.insee.fr/repository/pypi-proxy/packages/numpy/2.3.3/numpy-2.3.3-cp313-cp313-macosx_14_0_arm64.whl", hash = "sha256:9dc13c6a5829610cc07422bc74d3ac083bd8323f14e2827d992f9e52e22cd6a6" },
    { url = "https://nexus.insee.fr/repository/pypi-proxy/packages/numpy/2.3.3/numpy-2.3.3-cp313-cp313-macosx_14_0_x86_64.whl", hash = "sha256:d79715d95f1894771eb4e60fb23f065663b2298f7d22945d66877aadf33d00c7" },
    { url = "https://nexus.insee.fr/repository/pypi-proxy/packages/numpy/2.3.3/numpy-2.3.3-cp313-cp313-manylinux_2_27_aarch64.manylinux_2_28_aarch64.whl", hash = "sha256:952cfd0748514ea7c3afc729a0fc639e61655ce4c55ab9acfab14bda4f402b4c" },
    { url = "https://nexus.insee.fr/repository/pypi-proxy/packages/numpy/2.3.3/numpy-2.3.3-cp313-cp313-manylinux_2_27_x86_64.manylinux_2_28_x86_64.whl", hash = "sha256:5b83648633d46f77039c29078751f80da65aa64d5622a3cd62aaef9d835b6c93" },
    { url = "https://nexus.insee.fr/repository/pypi-proxy/packages/numpy/2.3.3/numpy-2.3.3-cp313-cp313-musllinux_1_2_aarch64.whl", hash = "sha256:b001bae8cea1c7dfdb2ae2b017ed0a6f2102d7a70059df1e338e307a4c78a8ae" },
    { url = "https://nexus.insee.fr/repository/pypi-proxy/packages/numpy/2.3.3/numpy-2.3.3-cp313-cp313-musllinux_1_2_x86_64.whl", hash = "sha256:8e9aced64054739037d42fb84c54dd38b81ee238816c948c8f3ed134665dcd86" },
    { url = "https://nexus.insee.fr/repository/pypi-proxy/packages/numpy/2.3.3/numpy-2.3.3-cp313-cp313-win32.whl", hash = "sha256:9591e1221db3f37751e6442850429b3aabf7026d3b05542d102944ca7f00c8a8" },
    { url = "https://nexus.insee.fr/repository/pypi-proxy/packages/numpy/2.3.3/numpy-2.3.3-cp313-cp313-win_amd64.whl", hash = "sha256:f0dadeb302887f07431910f67a14d57209ed91130be0adea2f9793f1a4f817cf" },
    { url = "https://nexus.insee.fr/repository/pypi-proxy/packages/numpy/2.3.3/numpy-2.3.3-cp313-cp313-win_arm64.whl", hash = "sha256:3c7cf302ac6e0b76a64c4aecf1a09e51abd9b01fc7feee80f6c43e3ab1b1dbc5" },
    { url = "https://nexus.insee.fr/repository/pypi-proxy/packages/numpy/2.3.3/numpy-2.3.3-cp313-cp313t-macosx_10_13_x86_64.whl", hash = "sha256:eda59e44957d272846bb407aad19f89dc6f58fecf3504bd144f4c5cf81a7eacc" },
    { url = "https://nexus.insee.fr/repository/pypi-proxy/packages/numpy/2.3.3/numpy-2.3.3-cp313-cp313t-macosx_11_0_arm64.whl", hash = "sha256:823d04112bc85ef5c4fda73ba24e6096c8f869931405a80aa8b0e604510a26bc" },
    { url = "https://nexus.insee.fr/repository/pypi-proxy/packages/numpy/2.3.3/numpy-2.3.3-cp313-cp313t-macosx_14_0_arm64.whl", hash = "sha256:40051003e03db4041aa325da2a0971ba41cf65714e65d296397cc0e32de6018b" },
    { url = "https://nexus.insee.fr/repository/pypi-proxy/packages/numpy/2.3.3/numpy-2.3.3-cp313-cp313t-macosx_14_0_x86_64.whl", hash = "sha256:6ee9086235dd6ab7ae75aba5662f582a81ced49f0f1c6de4260a78d8f2d91a19" },
    { url = "https://nexus.insee.fr/repository/pypi-proxy/packages/numpy/2.3.3/numpy-2.3.3-cp313-cp313t-manylinux_2_27_aarch64.manylinux_2_28_aarch64.whl", hash = "sha256:94fcaa68757c3e2e668ddadeaa86ab05499a70725811e582b6a9858dd472fb30" },
    { url = "https://nexus.insee.fr/repository/pypi-proxy/packages/numpy/2.3.3/numpy-2.3.3-cp313-cp313t-manylinux_2_27_x86_64.manylinux_2_28_x86_64.whl", hash = "sha256:da1a74b90e7483d6ce5244053399a614b1d6b7bc30a60d2f570e5071f8959d3e" },
    { url = "https://nexus.insee.fr/repository/pypi-proxy/packages/numpy/2.3.3/numpy-2.3.3-cp313-cp313t-musllinux_1_2_aarch64.whl", hash = "sha256:2990adf06d1ecee3b3dcbb4977dfab6e9f09807598d647f04d385d29e7a3c3d3" },
    { url = "https://nexus.insee.fr/repository/pypi-proxy/packages/numpy/2.3.3/numpy-2.3.3-cp313-cp313t-musllinux_1_2_x86_64.whl", hash = "sha256:ed635ff692483b8e3f0fcaa8e7eb8a75ee71aa6d975388224f70821421800cea" },
    { url = "https://nexus.insee.fr/repository/pypi-proxy/packages/numpy/2.3.3/numpy-2.3.3-cp313-cp313t-win32.whl", hash = "sha256:a333b4ed33d8dc2b373cc955ca57babc00cd6f9009991d9edc5ddbc1bac36bcd" },
    { url = "https://nexus.insee.fr/repository/pypi-proxy/packages/numpy/2.3.3/numpy-2.3.3-cp313-cp313t-win_amd64.whl", hash = "sha256:4384a169c4d8f97195980815d6fcad04933a7e1ab3b530921c3fef7a1c63426d" },
    { url = "https://nexus.insee.fr/repository/pypi-proxy/packages/numpy/2.3.3/numpy-2.3.3-cp313-cp313t-win_arm64.whl", hash = "sha256:75370986cc0bc66f4ce5110ad35aae6d182cc4ce6433c40ad151f53690130bf1" },
    { url = "https://nexus.insee.fr/repository/pypi-proxy/packages/numpy/2.3.3/numpy-2.3.3-cp314-cp314-macosx_10_13_x86_64.whl", hash = "sha256:cd052f1fa6a78dee696b58a914b7229ecfa41f0a6d96dc663c1220a55e137593" },
    { url = "https://nexus.insee.fr/repository/pypi-proxy/packages/numpy/2.3.3/numpy-2.3.3-cp314-cp314-macosx_11_0_arm64.whl", hash = "sha256:414a97499480067d305fcac9716c29cf4d0d76db6ebf0bf3cbce666677f12652" },
    { url = "https://nexus.insee.fr/repository/pypi-proxy/packages/numpy/2.3.3/numpy-2.3.3-cp314-cp314-macosx_14_0_arm64.whl", hash = "sha256:50a5fe69f135f88a2be9b6ca0481a68a136f6febe1916e4920e12f1a34e708a7" },
    { url = "https://nexus.insee.fr/repository/pypi-proxy/packages/numpy/2.3.3/numpy-2.3.3-cp314-cp314-macosx_14_0_x86_64.whl", hash = "sha256:b912f2ed2b67a129e6a601e9d93d4fa37bef67e54cac442a2f588a54afe5c67a" },
    { url = "https://nexus.insee.fr/repository/pypi-proxy/packages/numpy/2.3.3/numpy-2.3.3-cp314-cp314-manylinux_2_27_aarch64.manylinux_2_28_aarch64.whl", hash = "sha256:9e318ee0596d76d4cb3d78535dc005fa60e5ea348cd131a51e99d0bdbe0b54fe" },
    { url = "https://nexus.insee.fr/repository/pypi-proxy/packages/numpy/2.3.3/numpy-2.3.3-cp314-cp314-manylinux_2_27_x86_64.manylinux_2_28_x86_64.whl", hash = "sha256:ce020080e4a52426202bdb6f7691c65bb55e49f261f31a8f506c9f6bc7450421" },
    { url = "https://nexus.insee.fr/repository/pypi-proxy/packages/numpy/2.3.3/numpy-2.3.3-cp314-cp314-musllinux_1_2_aarch64.whl", hash = "sha256:e6687dc183aa55dae4a705b35f9c0f8cb178bcaa2f029b241ac5356221d5c021" },
    { url = "https://nexus.insee.fr/repository/pypi-proxy/packages/numpy/2.3.3/numpy-2.3.3-cp314-cp314-musllinux_1_2_x86_64.whl", hash = "sha256:d8f3b1080782469fdc1718c4ed1d22549b5fb12af0d57d35e992158a772a37cf" },
    { url = "https://nexus.insee.fr/repository/pypi-proxy/packages/numpy/2.3.3/numpy-2.3.3-cp314-cp314-win32.whl", hash = "sha256:cb248499b0bc3be66ebd6578b83e5acacf1d6cb2a77f2248ce0e40fbec5a76d0" },
    { url = "https://nexus.insee.fr/repository/pypi-proxy/packages/numpy/2.3.3/numpy-2.3.3-cp314-cp314-win_amd64.whl", hash = "sha256:691808c2b26b0f002a032c73255d0bd89751425f379f7bcd22d140db593a96e8" },
    { url = "https://nexus.insee.fr/repository/pypi-proxy/packages/numpy/2.3.3/numpy-2.3.3-cp314-cp314-win_arm64.whl", hash = "sha256:9ad12e976ca7b10f1774b03615a2a4bab8addce37ecc77394d8e986927dc0dfe" },
    { url = "https://nexus.insee.fr/repository/pypi-proxy/packages/numpy/2.3.3/numpy-2.3.3-cp314-cp314t-macosx_10_13_x86_64.whl", hash = "sha256:9cc48e09feb11e1db00b320e9d30a4151f7369afb96bd0e48d942d09da3a0d00" },
    { url = "https://nexus.insee.fr/repository/pypi-proxy/packages/numpy/2.3.3/numpy-2.3.3-cp314-cp314t-macosx_11_0_arm64.whl", hash = "sha256:901bf6123879b7f251d3631967fd574690734236075082078e0571977c6a8e6a" },
    { url = "https://nexus.insee.fr/repository/pypi-proxy/packages/numpy/2.3.3/numpy-2.3.3-cp314-cp314t-macosx_14_0_arm64.whl", hash = "sha256:7f025652034199c301049296b59fa7d52c7e625017cae4c75d8662e377bf487d" },
    { url = "https://nexus.insee.fr/repository/pypi-proxy/packages/numpy/2.3.3/numpy-2.3.3-cp314-cp314t-macosx_14_0_x86_64.whl", hash = "sha256:533ca5f6d325c80b6007d4d7fb1984c303553534191024ec6a524a4c92a5935a" },
    { url = "https://nexus.insee.fr/repository/pypi-proxy/packages/numpy/2.3.3/numpy-2.3.3-cp314-cp314t-manylinux_2_27_aarch64.manylinux_2_28_aarch64.whl", hash = "sha256:0edd58682a399824633b66885d699d7de982800053acf20be1eaa46d92009c54" },
    { url = "https://nexus.insee.fr/repository/pypi-proxy/packages/numpy/2.3.3/numpy-2.3.3-cp314-cp314t-manylinux_2_27_x86_64.manylinux_2_28_x86_64.whl", hash = "sha256:367ad5d8fbec5d9296d18478804a530f1191e24ab4d75ab408346ae88045d25e" },
    { url = "https://nexus.insee.fr/repository/pypi-proxy/packages/numpy/2.3.3/numpy-2.3.3-cp314-cp314t-musllinux_1_2_aarch64.whl", hash = "sha256:8f6ac61a217437946a1fa48d24c47c91a0c4f725237871117dea264982128097" },
    { url = "https://nexus.insee.fr/repository/pypi-proxy/packages/numpy/2.3.3/numpy-2.3.3-cp314-cp314t-musllinux_1_2_x86_64.whl", hash = "sha256:179a42101b845a816d464b6fe9a845dfaf308fdfc7925387195570789bb2c970" },
    { url = "https://nexus.insee.fr/repository/pypi-proxy/packages/numpy/2.3.3/numpy-2.3.3-cp314-cp314t-win32.whl", hash = "sha256:1250c5d3d2562ec4174bce2e3a1523041595f9b651065e4a4473f5f48a6bc8a5" },
    { url = "https://nexus.insee.fr/repository/pypi-proxy/packages/numpy/2.3.3/numpy-2.3.3-cp314-cp314t-win_amd64.whl", hash = "sha256:b37a0b2e5935409daebe82c1e42274d30d9dd355852529eab91dab8dcca7419f" },
    { url = "https://nexus.insee.fr/repository/pypi-proxy/packages/numpy/2.3.3/numpy-2.3.3-cp314-cp314t-win_arm64.whl", hash = "sha256:78c9f6560dc7e6b3990e32df7ea1a50bbd0e2a111e05209963f5ddcab7073b0b" },
]

[[package]]
name = "packaging"
version = "25.0"
source = { registry = "https://nexus.insee.fr/repository/pypi-proxy/simple" }
sdist = { url = "https://nexus.insee.fr/repository/pypi-proxy/packages/packaging/25.0/packaging-25.0.tar.gz", hash = "sha256:d443872c98d677bf60f6a1f2f8c1cb748e8fe762d2bf9d3148b5599295b0fc4f" }
wheels = [
    { url = "https://nexus.insee.fr/repository/pypi-proxy/packages/packaging/25.0/packaging-25.0-py3-none-any.whl", hash = "sha256:29572ef2b1f17581046b3a2227d5c611fb25ec70ca1ba8554b24b0e69331a484" },
]

[[package]]
name = "pluggy"
version = "1.6.0"
source = { registry = "https://nexus.insee.fr/repository/pypi-proxy/simple" }
sdist = { url = "https://nexus.insee.fr/repository/pypi-proxy/packages/pluggy/1.6.0/pluggy-1.6.0.tar.gz", hash = "sha256:7dcc130b76258d33b90f61b658791dede3486c3e6bfb003ee5c9bfb396dd22f3" }
wheels = [
    { url = "https://nexus.insee.fr/repository/pypi-proxy/packages/pluggy/1.6.0/pluggy-1.6.0-py3-none-any.whl", hash = "sha256:e920276dd6813095e9377c0bc5566d94c932c33b27a3e3945d8389c374dd4746" },
]

[[package]]
name = "polars"
version = "1.33.1"
source = { registry = "https://nexus.insee.fr/repository/pypi-proxy/simple" }
sdist = { url = "https://nexus.insee.fr/repository/pypi-proxy/packages/polars/1.33.1/polars-1.33.1.tar.gz", hash = "sha256:fa3fdc34eab52a71498264d6ff9b0aa6955eb4b0ae8add5d3cb43e4b84644007" }
wheels = [
    { url = "https://nexus.insee.fr/repository/pypi-proxy/packages/polars/1.33.1/polars-1.33.1-cp39-abi3-macosx_10_12_x86_64.whl", hash = "sha256:3881c444b0f14778ba94232f077a709d435977879c1b7d7bd566b55bd1830bb5" },
    { url = "https://nexus.insee.fr/repository/pypi-proxy/packages/polars/1.33.1/polars-1.33.1-cp39-abi3-macosx_11_0_arm64.whl", hash = "sha256:29200b89c9a461e6f06fc1660bc9c848407640ee30fe0e5ef4947cfd49d55337" },
    { url = "https://nexus.insee.fr/repository/pypi-proxy/packages/polars/1.33.1/polars-1.33.1-cp39-abi3-manylinux_2_17_x86_64.manylinux2014_x86_64.whl", hash = "sha256:444940646e76342abaa47f126c70e3e40b56e8e02a9e89e5c5d1c24b086db58a" },
    { url = "https://nexus.insee.fr/repository/pypi-proxy/packages/polars/1.33.1/polars-1.33.1-cp39-abi3-manylinux_2_24_aarch64.whl", hash = "sha256:094a37d06789286649f654f229ec4efb9376630645ba8963b70cb9c0b008b3e1" },
    { url = "https://nexus.insee.fr/repository/pypi-proxy/packages/polars/1.33.1/polars-1.33.1-cp39-abi3-win_amd64.whl", hash = "sha256:c9781c704432a2276a185ee25898aa427f39a904fbe8fde4ae779596cdbd7a9e" },
    { url = "https://nexus.insee.fr/repository/pypi-proxy/packages/polars/1.33.1/polars-1.33.1-cp39-abi3-win_arm64.whl", hash = "sha256:c3cfddb3b78eae01a218222bdba8048529fef7e14889a71e33a5198644427642" },
]

[[package]]
name = "pygments"
version = "2.19.2"
source = { registry = "https://nexus.insee.fr/repository/pypi-proxy/simple" }
sdist = { url = "https://nexus.insee.fr/repository/pypi-proxy/packages/pygments/2.19.2/pygments-2.19.2.tar.gz", hash = "sha256:636cb2477cec7f8952536970bc533bc43743542f70392ae026374600add5b887" }
wheels = [
    { url = "https://nexus.insee.fr/repository/pypi-proxy/packages/pygments/2.19.2/pygments-2.19.2-py3-none-any.whl", hash = "sha256:86540386c03d588bb81d44bc3928634ff26449851e99741617ecb9037ee5ec0b" },
]

[[package]]
name = "pytest"
version = "8.4.2"
source = { registry = "https://nexus.insee.fr/repository/pypi-proxy/simple" }
dependencies = [
    { name = "colorama", marker = "sys_platform == 'win32'" },
    { name = "iniconfig" },
    { name = "packaging" },
    { name = "pluggy" },
    { name = "pygments" },
]
sdist = { url = "https://nexus.insee.fr/repository/pypi-proxy/packages/pytest/8.4.2/pytest-8.4.2.tar.gz", hash = "sha256:86c0d0b93306b961d58d62a4db4879f27fe25513d4b969df351abdddb3c30e01" }
wheels = [
    { url = "https://nexus.insee.fr/repository/pypi-proxy/packages/pytest/8.4.2/pytest-8.4.2-py3-none-any.whl", hash = "sha256:872f880de3fc3a5bdc88a11b39c9710c3497a547cfa9320bc3c5e62fbf272e79" },
]

[[package]]
name = "scikit-learn"
version = "1.7.2"
source = { registry = "https://nexus.insee.fr/repository/pypi-proxy/simple" }
dependencies = [
    { name = "joblib" },
    { name = "numpy" },
    { name = "scipy" },
    { name = "threadpoolctl" },
]
sdist = { url = "https://nexus.insee.fr/repository/pypi-proxy/packages/scikit-learn/1.7.2/scikit_learn-1.7.2.tar.gz", hash = "sha256:20e9e49ecd130598f1ca38a1d85090e1a600147b9c02fa6f15d69cb53d968fda" }
wheels = [
    { url = "https://nexus.insee.fr/repository/pypi-proxy/packages/scikit-learn/1.7.2/scikit_learn-1.7.2-cp312-cp312-macosx_10_13_x86_64.whl", hash = "sha256:8d91a97fa2b706943822398ab943cde71858a50245e31bc71dba62aab1d60a96" },
    { url = "https://nexus.insee.fr/repository/pypi-proxy/packages/scikit-learn/1.7.2/scikit_learn-1.7.2-cp312-cp312-macosx_12_0_arm64.whl", hash = "sha256:acbc0f5fd2edd3432a22c69bed78e837c70cf896cd7993d71d51ba6708507476" },
    { url = "https://nexus.insee.fr/repository/pypi-proxy/packages/scikit-learn/1.7.2/scikit_learn-1.7.2-cp312-cp312-manylinux2014_x86_64.manylinux_2_17_x86_64.whl", hash = "sha256:e5bf3d930aee75a65478df91ac1225ff89cd28e9ac7bd1196853a9229b6adb0b" },
    { url = "https://nexus.insee.fr/repository/pypi-proxy/packages/scikit-learn/1.7.2/scikit_learn-1.7.2-cp312-cp312-manylinux_2_27_aarch64.manylinux_2_28_aarch64.whl", hash = "sha256:b4d6e9deed1a47aca9fe2f267ab8e8fe82ee20b4526b2c0cd9e135cea10feb44" },
    { url = "https://nexus.insee.fr/repository/pypi-proxy/packages/scikit-learn/1.7.2/scikit_learn-1.7.2-cp312-cp312-win_amd64.whl", hash = "sha256:6088aa475f0785e01bcf8529f55280a3d7d298679f50c0bb70a2364a82d0b290" },
    { url = "https://nexus.insee.fr/repository/pypi-proxy/packages/scikit-learn/1.7.2/scikit_learn-1.7.2-cp313-cp313-macosx_10_13_x86_64.whl", hash = "sha256:0b7dacaa05e5d76759fb071558a8b5130f4845166d88654a0f9bdf3eb57851b7" },
    { url = "https://nexus.insee.fr/repository/pypi-proxy/packages/scikit-learn/1.7.2/scikit_learn-1.7.2-cp313-cp313-macosx_12_0_arm64.whl", hash = "sha256:abebbd61ad9e1deed54cca45caea8ad5f79e1b93173dece40bb8e0c658dbe6fe" },
    { url = "https://nexus.insee.fr/repository/pypi-proxy/packages/scikit-learn/1.7.2/scikit_learn-1.7.2-cp313-cp313-manylinux2014_x86_64.manylinux_2_17_x86_64.whl", hash = "sha256:502c18e39849c0ea1a5d681af1dbcf15f6cce601aebb657aabbfe84133c1907f" },
    { url = "https://nexus.insee.fr/repository/pypi-proxy/packages/scikit-learn/1.7.2/scikit_learn-1.7.2-cp313-cp313-manylinux_2_27_aarch64.manylinux_2_28_aarch64.whl", hash = "sha256:7a4c328a71785382fe3fe676a9ecf2c86189249beff90bf85e22bdb7efaf9ae0" },
    { url = "https://nexus.insee.fr/repository/pypi-proxy/packages/scikit-learn/1.7.2/scikit_learn-1.7.2-cp313-cp313-win_amd64.whl", hash = "sha256:63a9afd6f7b229aad94618c01c252ce9e6fa97918c5ca19c9a17a087d819440c" },
    { url = "https://nexus.insee.fr/repository/pypi-proxy/packages/scikit-learn/1.7.2/scikit_learn-1.7.2-cp313-cp313t-macosx_10_13_x86_64.whl", hash = "sha256:9acb6c5e867447b4e1390930e3944a005e2cb115922e693c08a323421a6966e8" },
    { url = "https://nexus.insee.fr/repository/pypi-proxy/packages/scikit-learn/1.7.2/scikit_learn-1.7.2-cp313-cp313t-macosx_12_0_arm64.whl", hash = "sha256:2a41e2a0ef45063e654152ec9d8bcfc39f7afce35b08902bfe290c2498a67a6a" },
    { url = "https://nexus.insee.fr/repository/pypi-proxy/packages/scikit-learn/1.7.2/scikit_learn-1.7.2-cp313-cp313t-manylinux2014_x86_64.manylinux_2_17_x86_64.whl", hash = "sha256:98335fb98509b73385b3ab2bd0639b1f610541d3988ee675c670371d6a87aa7c" },
    { url = "https://nexus.insee.fr/repository/pypi-proxy/packages/scikit-learn/1.7.2/scikit_learn-1.7.2-cp313-cp313t-manylinux_2_27_aarch64.manylinux_2_28_aarch64.whl", hash = "sha256:191e5550980d45449126e23ed1d5e9e24b2c68329ee1f691a3987476e115e09c" },
    { url = "https://nexus.insee.fr/repository/pypi-proxy/packages/scikit-learn/1.7.2/scikit_learn-1.7.2-cp313-cp313t-win_amd64.whl", hash = "sha256:57dc4deb1d3762c75d685507fbd0bc17160144b2f2ba4ccea5dc285ab0d0e973" },
    { url = "https://nexus.insee.fr/repository/pypi-proxy/packages/scikit-learn/1.7.2/scikit_learn-1.7.2-cp314-cp314-macosx_10_13_x86_64.whl", hash = "sha256:fa8f63940e29c82d1e67a45d5297bdebbcb585f5a5a50c4914cc2e852ab77f33" },
    { url = "https://nexus.insee.fr/repository/pypi-proxy/packages/scikit-learn/1.7.2/scikit_learn-1.7.2-cp314-cp314-macosx_12_0_arm64.whl", hash = "sha256:f95dc55b7902b91331fa4e5845dd5bde0580c9cd9612b1b2791b7e80c3d32615" },
    { url = "https://nexus.insee.fr/repository/pypi-proxy/packages/scikit-learn/1.7.2/scikit_learn-1.7.2-cp314-cp314-manylinux2014_x86_64.manylinux_2_17_x86_64.whl", hash = "sha256:9656e4a53e54578ad10a434dc1f993330568cfee176dff07112b8785fb413106" },
    { url = "https://nexus.insee.fr/repository/pypi-proxy/packages/scikit-learn/1.7.2/scikit_learn-1.7.2-cp314-cp314-manylinux_2_27_aarch64.manylinux_2_28_aarch64.whl", hash = "sha256:96dc05a854add0e50d3f47a1ef21a10a595016da5b007c7d9cd9d0bffd1fcc61" },
    { url = "https://nexus.insee.fr/repository/pypi-proxy/packages/scikit-learn/1.7.2/scikit_learn-1.7.2-cp314-cp314-win_amd64.whl", hash = "sha256:bb24510ed3f9f61476181e4db51ce801e2ba37541def12dc9333b946fc7a9cf8" },
]

[[package]]
name = "scipy"
version = "1.16.2"
source = { registry = "https://nexus.insee.fr/repository/pypi-proxy/simple" }
dependencies = [
    { name = "numpy" },
]
sdist = { url = "https://nexus.insee.fr/repository/pypi-proxy/packages/scipy/1.16.2/scipy-1.16.2.tar.gz", hash = "sha256:af029b153d243a80afb6eabe40b0a07f8e35c9adc269c019f364ad747f826a6b" }
wheels = [
    { url = "https://nexus.insee.fr/repository/pypi-proxy/packages/scipy/1.16.2/scipy-1.16.2-cp312-cp312-macosx_10_14_x86_64.whl", hash = "sha256:89d6c100fa5c48472047632e06f0876b3c4931aac1f4291afc81a3644316bb0d" },
    { url = "https://nexus.insee.fr/repository/pypi-proxy/packages/scipy/1.16.2/scipy-1.16.2-cp312-cp312-macosx_12_0_arm64.whl", hash = "sha256:ca748936cd579d3f01928b30a17dc474550b01272d8046e3e1ee593f23620371" },
    { url = "https://nexus.insee.fr/repository/pypi-proxy/packages/scipy/1.16.2/scipy-1.16.2-cp312-cp312-macosx_14_0_arm64.whl", hash = "sha256:fac4f8ce2ddb40e2e3d0f7ec36d2a1e7f92559a2471e59aec37bd8d9de01fec0" },
    { url = "https://nexus.insee.fr/repository/pypi-proxy/packages/scipy/1.16.2/scipy-1.16.2-cp312-cp312-macosx_14_0_x86_64.whl", hash = "sha256:033570f1dcefd79547a88e18bccacff025c8c647a330381064f561d43b821232" },
    { url = "https://nexus.insee.fr/repository/pypi-proxy/packages/scipy/1.16.2/scipy-1.16.2-cp312-cp312-manylinux2014_aarch64.manylinux_2_17_aarch64.whl", hash = "sha256:ea3421209bf00c8a5ef2227de496601087d8f638a2363ee09af059bd70976dc1" },
    { url = "https://nexus.insee.fr/repository/pypi-proxy/packages/scipy/1.16.2/scipy-1.16.2-cp312-cp312-manylinux2014_x86_64.manylinux_2_17_x86_64.whl", hash = "sha256:f66bd07ba6f84cd4a380b41d1bf3c59ea488b590a2ff96744845163309ee8e2f" },
    { url = "https://nexus.insee.fr/repository/pypi-proxy/packages/scipy/1.16.2/scipy-1.16.2-cp312-cp312-musllinux_1_2_aarch64.whl", hash = "sha256:5e9feab931bd2aea4a23388c962df6468af3d808ddf2d40f94a81c5dc38f32ef" },
    { url = "https://nexus.insee.fr/repository/pypi-proxy/packages/scipy/1.16.2/scipy-1.16.2-cp312-cp312-musllinux_1_2_x86_64.whl", hash = "sha256:03dfc75e52f72cf23ec2ced468645321407faad8f0fe7b1f5b49264adbc29cb1" },
    { url = "https://nexus.insee.fr/repository/pypi-proxy/packages/scipy/1.16.2/scipy-1.16.2-cp312-cp312-win_amd64.whl", hash = "sha256:0ce54e07bbb394b417457409a64fd015be623f36e330ac49306433ffe04bc97e" },
    { url = "https://nexus.insee.fr/repository/pypi-proxy/packages/scipy/1.16.2/scipy-1.16.2-cp312-cp312-win_arm64.whl", hash = "sha256:2a8ffaa4ac0df81a0b94577b18ee079f13fecdb924df3328fc44a7dc5ac46851" },
    { url = "https://nexus.insee.fr/repository/pypi-proxy/packages/scipy/1.16.2/scipy-1.16.2-cp313-cp313-macosx_10_14_x86_64.whl", hash = "sha256:84f7bf944b43e20b8a894f5fe593976926744f6c185bacfcbdfbb62736b5cc70" },
    { url = "https://nexus.insee.fr/repository/pypi-proxy/packages/scipy/1.16.2/scipy-1.16.2-cp313-cp313-macosx_12_0_arm64.whl", hash = "sha256:5c39026d12edc826a1ef2ad35ad1e6d7f087f934bb868fc43fa3049c8b8508f9" },
    { url = "https://nexus.insee.fr/repository/pypi-proxy/packages/scipy/1.16.2/scipy-1.16.2-cp313-cp313-macosx_14_0_arm64.whl", hash = "sha256:e52729ffd45b68777c5319560014d6fd251294200625d9d70fd8626516fc49f5" },
    { url = "https://nexus.insee.fr/repository/pypi-proxy/packages/scipy/1.16.2/scipy-1.16.2-cp313-cp313-macosx_14_0_x86_64.whl", hash = "sha256:024dd4a118cccec09ca3209b7e8e614931a6ffb804b2a601839499cb88bdf925" },
    { url = "https://nexus.insee.fr/repository/pypi-proxy/packages/scipy/1.16.2/scipy-1.16.2-cp313-cp313-manylinux2014_aarch64.manylinux_2_17_aarch64.whl", hash = "sha256:7a5dc7ee9c33019973a470556081b0fd3c9f4c44019191039f9769183141a4d9" },
    { url = "https://nexus.insee.fr/repository/pypi-proxy/packages/scipy/1.16.2/scipy-1.16.2-cp313-cp313-manylinux2014_x86_64.manylinux_2_17_x86_64.whl", hash = "sha256:c2275ff105e508942f99d4e3bc56b6ef5e4b3c0af970386ca56b777608ce95b7" },
    { url = "https://nexus.insee.fr/repository/pypi-proxy/packages/scipy/1.16.2/scipy-1.16.2-cp313-cp313-musllinux_1_2_aarch64.whl", hash = "sha256:af80196eaa84f033e48444d2e0786ec47d328ba00c71e4299b602235ffef9acb" },
    { url = "https://nexus.insee.fr/repository/pypi-proxy/packages/scipy/1.16.2/scipy-1.16.2-cp313-cp313-musllinux_1_2_x86_64.whl", hash = "sha256:9fb1eb735fe3d6ed1f89918224e3385fbf6f9e23757cacc35f9c78d3b712dd6e" },
    { url = "https://nexus.insee.fr/repository/pypi-proxy/packages/scipy/1.16.2/scipy-1.16.2-cp313-cp313-win_amd64.whl", hash = "sha256:fda714cf45ba43c9d3bae8f2585c777f64e3f89a2e073b668b32ede412d8f52c" },
    { url = "https://nexus.insee.fr/repository/pypi-proxy/packages/scipy/1.16.2/scipy-1.16.2-cp313-cp313-win_arm64.whl", hash = "sha256:2f5350da923ccfd0b00e07c3e5cfb316c1c0d6c1d864c07a72d092e9f20db104" },
    { url = "https://nexus.insee.fr/repository/pypi-proxy/packages/scipy/1.16.2/scipy-1.16.2-cp313-cp313t-macosx_10_14_x86_64.whl", hash = "sha256:53d8d2ee29b925344c13bda64ab51785f016b1b9617849dac10897f0701b20c1" },
    { url = "https://nexus.insee.fr/repository/pypi-proxy/packages/scipy/1.16.2/scipy-1.16.2-cp313-cp313t-macosx_12_0_arm64.whl", hash = "sha256:9e05e33657efb4c6a9d23bd8300101536abd99c85cca82da0bffff8d8764d08a" },
    { url = "https://nexus.insee.fr/repository/pypi-proxy/packages/scipy/1.16.2/scipy-1.16.2-cp313-cp313t-macosx_14_0_arm64.whl", hash = "sha256:7fe65b36036357003b3ef9d37547abeefaa353b237e989c21027b8ed62b12d4f" },
    { url = "https://nexus.insee.fr/repository/pypi-proxy/packages/scipy/1.16.2/scipy-1.16.2-cp313-cp313t-macosx_14_0_x86_64.whl", hash = "sha256:6406d2ac6d40b861cccf57f49592f9779071655e9f75cd4f977fa0bdd09cb2e4" },
    { url = "https://nexus.insee.fr/repository/pypi-proxy/packages/scipy/1.16.2/scipy-1.16.2-cp313-cp313t-manylinux2014_aarch64.manylinux_2_17_aarch64.whl", hash = "sha256:ff4dc42bd321991fbf611c23fc35912d690f731c9914bf3af8f417e64aca0f21" },
    { url = "https://nexus.insee.fr/repository/pypi-proxy/packages/scipy/1.16.2/scipy-1.16.2-cp313-cp313t-manylinux2014_x86_64.manylinux_2_17_x86_64.whl", hash = "sha256:654324826654d4d9133e10675325708fb954bc84dae6e9ad0a52e75c6b1a01d7" },
    { url = "https://nexus.insee.fr/repository/pypi-proxy/packages/scipy/1.16.2/scipy-1.16.2-cp313-cp313t-musllinux_1_2_aarch64.whl", hash = "sha256:63870a84cd15c44e65220eaed2dac0e8f8b26bbb991456a033c1d9abfe8a94f8" },
    { url = "https://nexus.insee.fr/repository/pypi-proxy/packages/scipy/1.16.2/scipy-1.16.2-cp313-cp313t-musllinux_1_2_x86_64.whl", hash = "sha256:fa01f0f6a3050fa6a9771a95d5faccc8e2f5a92b4a2e5440a0fa7264a2398472" },
    { url = "https://nexus.insee.fr/repository/pypi-proxy/packages/scipy/1.16.2/scipy-1.16.2-cp313-cp313t-win_amd64.whl", hash = "sha256:116296e89fba96f76353a8579820c2512f6e55835d3fad7780fece04367de351" },
    { url = "https://nexus.insee.fr/repository/pypi-proxy/packages/scipy/1.16.2/scipy-1.16.2-cp313-cp313t-win_arm64.whl", hash = "sha256:98e22834650be81d42982360382b43b17f7ba95e0e6993e2a4f5b9ad9283a94d" },
    { url = "https://nexus.insee.fr/repository/pypi-proxy/packages/scipy/1.16.2/scipy-1.16.2-cp314-cp314-macosx_10_14_x86_64.whl", hash = "sha256:567e77755019bb7461513c87f02bb73fb65b11f049aaaa8ca17cfaa5a5c45d77" },
    { url = "https://nexus.insee.fr/repository/pypi-proxy/packages/scipy/1.16.2/scipy-1.16.2-cp314-cp314-macosx_12_0_arm64.whl", hash = "sha256:17d9bb346194e8967296621208fcdfd39b55498ef7d2f376884d5ac47cec1a70" },
    { url = "https://nexus.insee.fr/repository/pypi-proxy/packages/scipy/1.16.2/scipy-1.16.2-cp314-cp314-macosx_14_0_arm64.whl", hash = "sha256:0a17541827a9b78b777d33b623a6dcfe2ef4a25806204d08ead0768f4e529a88" },
    { url = "https://nexus.insee.fr/repository/pypi-proxy/packages/scipy/1.16.2/scipy-1.16.2-cp314-cp314-macosx_14_0_x86_64.whl", hash = "sha256:d7d4c6ba016ffc0f9568d012f5f1eb77ddd99412aea121e6fa8b4c3b7cbad91f" },
    { url = "https://nexus.insee.fr/repository/pypi-proxy/packages/scipy/1.16.2/scipy-1.16.2-cp314-cp314-manylinux2014_aarch64.manylinux_2_17_aarch64.whl", hash = "sha256:9702c4c023227785c779cba2e1d6f7635dbb5b2e0936cdd3a4ecb98d78fd41eb" },
    { url = "https://nexus.insee.fr/repository/pypi-proxy/packages/scipy/1.16.2/scipy-1.16.2-cp314-cp314-manylinux2014_x86_64.manylinux_2_17_x86_64.whl", hash = "sha256:d1cdf0ac28948d225decdefcc45ad7dd91716c29ab56ef32f8e0d50657dffcc7" },
    { url = "https://nexus.insee.fr/repository/pypi-proxy/packages/scipy/1.16.2/scipy-1.16.2-cp314-cp314-musllinux_1_2_aarch64.whl", hash = "sha256:70327d6aa572a17c2941cdfb20673f82e536e91850a2e4cb0c5b858b690e1548" },
    { url = "https://nexus.insee.fr/repository/pypi-proxy/packages/scipy/1.16.2/scipy-1.16.2-cp314-cp314-musllinux_1_2_x86_64.whl", hash = "sha256:5221c0b2a4b58aa7c4ed0387d360fd90ee9086d383bb34d9f2789fafddc8a936" },
    { url = "https://nexus.insee.fr/repository/pypi-proxy/packages/scipy/1.16.2/scipy-1.16.2-cp314-cp314-win_amd64.whl", hash = "sha256:f5a85d7b2b708025af08f060a496dd261055b617d776fc05a1a1cc69e09fe9ff" },
    { url = "https://nexus.insee.fr/repository/pypi-proxy/packages/scipy/1.16.2/scipy-1.16.2-cp314-cp314-win_arm64.whl", hash = "sha256:2cc73a33305b4b24556957d5857d6253ce1e2dcd67fa0ff46d87d1670b3e1e1d" },
    { url = "https://nexus.insee.fr/repository/pypi-proxy/packages/scipy/1.16.2/scipy-1.16.2-cp314-cp314t-macosx_10_14_x86_64.whl", hash = "sha256:9ea2a3fed83065d77367775d689401a703d0f697420719ee10c0780bcab594d8" },
    { url = "https://nexus.insee.fr/repository/pypi-proxy/packages/scipy/1.16.2/scipy-1.16.2-cp314-cp314t-macosx_12_0_arm64.whl", hash = "sha256:7280d926f11ca945c3ef92ba960fa924e1465f8d07ce3a9923080363390624c4" },
    { url = "https://nexus.insee.fr/repository/pypi-proxy/packages/scipy/1.16.2/scipy-1.16.2-cp314-cp314t-macosx_14_0_arm64.whl", hash = "sha256:8afae1756f6a1fe04636407ef7dbece33d826a5d462b74f3d0eb82deabefd831" },
    { url = "https://nexus.insee.fr/repository/pypi-proxy/packages/scipy/1.16.2/scipy-1.16.2-cp314-cp314t-macosx_14_0_x86_64.whl", hash = "sha256:5c66511f29aa8d233388e7416a3f20d5cae7a2744d5cee2ecd38c081f4e861b3" },
    { url = "https://nexus.insee.fr/repository/pypi-proxy/packages/scipy/1.16.2/scipy-1.16.2-cp314-cp314t-manylinux2014_aarch64.manylinux_2_17_aarch64.whl", hash = "sha256:efe6305aeaa0e96b0ccca5ff647a43737d9a092064a3894e46c414db84bc54ac" },
    { url = "https://nexus.insee.fr/repository/pypi-proxy/packages/scipy/1.16.2/scipy-1.16.2-cp314-cp314t-manylinux2014_x86_64.manylinux_2_17_x86_64.whl", hash = "sha256:7f3a337d9ae06a1e8d655ee9d8ecb835ea5ddcdcbd8d23012afa055ab014f374" },
    { url = "https://nexus.insee.fr/repository/pypi-proxy/packages/scipy/1.16.2/scipy-1.16.2-cp314-cp314t-musllinux_1_2_aarch64.whl", hash = "sha256:bab3605795d269067d8ce78a910220262711b753de8913d3deeaedb5dded3bb6" },
    { url = "https://nexus.insee.fr/repository/pypi-proxy/packages/scipy/1.16.2/scipy-1.16.2-cp314-cp314t-musllinux_1_2_x86_64.whl", hash = "sha256:b0348d8ddb55be2a844c518cd8cc8deeeb8aeba707cf834db5758fc89b476a2c" },
    { url = "https://nexus.insee.fr/repository/pypi-proxy/packages/scipy/1.16.2/scipy-1.16.2-cp314-cp314t-win_amd64.whl", hash = "sha256:26284797e38b8a75e14ea6631d29bda11e76ceaa6ddb6fdebbfe4c4d90faf2f9" },
    { url = "https://nexus.insee.fr/repository/pypi-proxy/packages/scipy/1.16.2/scipy-1.16.2-cp314-cp314t-win_arm64.whl", hash = "sha256:d2a4472c231328d4de38d5f1f68fdd6d28a615138f842580a8a321b5845cf779" },
]

[[package]]
name = "threadpoolctl"
version = "3.6.0"
source = { registry = "https://nexus.insee.fr/repository/pypi-proxy/simple" }
sdist = { url = "https://nexus.insee.fr/repository/pypi-proxy/packages/threadpoolctl/3.6.0/threadpoolctl-3.6.0.tar.gz", hash = "sha256:8ab8b4aa3491d812b623328249fab5302a68d2d71745c8a4c719a2fcaba9f44e" }
wheels = [
    { url = "https://nexus.insee.fr/repository/pypi-proxy/packages/threadpoolctl/3.6.0/threadpoolctl-3.6.0-py3-none-any.whl", hash = "sha256:43a0b8fd5a2928500110039e43a5eed8480b918967083ea48dc3ab9f13c4a7fb" },
]
